{
  "name": "ramda",
  "version": "1.0.0",
  "lockfileVersion": 1,
  "requires": true,
  "dependencies": {
    "rambda": {
      "version": "3.0.1",
      "resolved": "https://registry.npmjs.org/rambda/-/rambda-3.0.1.tgz",
      "integrity": "sha512-wwH5lCnWHriTYAmyj12gmiVu7AaFZOanBp/iXsyTR8meZ9kaLOrwfSSwAx3dUK6Lk++0z5zh0MHV/HdSvw7gzQ=="
    }
  }
}
